
Microsoft Visual Studio Solution File, Format Version 12.00
# Visual Studio Version 16
VisualStudioVersion = 16.0.31727.386
MinimumVisualStudioVersion = 10.0.40219.1
Project("{FAE04EC0-301F-11D3-BF4B-00C04F79EFBC}") = "FirstCode-along", "FirstCode-along\FirstCode-along.csproj", "{9964FCE8-86AF-4C00-9A89-03B17C1C5F82}"
EndProject
Global
	GlobalSection(SolutionConfigurationPlatforms) = preSolution
		Debug|Any CPU = Debug|Any CPU
		Release|Any CPU = Release|Any CPU
	EndGlobalSection
	GlobalSection(ProjectConfigurationPlatforms) = postSolution
		{9964FCE8-86AF-4C00-9A89-03B17C1C5F82}.Debug|Any CPU.ActiveCfg = Debug|Any CPU
		{9964FCE8-86AF-4C00-9A89-03B17C1C5F82}.Debug|Any CPU.Build.0 = Debug|Any CPU
		{9964FCE8-86AF-4C00-9A89-03B17C1C5F82}.Release|Any CPU.ActiveCfg = Release|Any CPU
		{9964FCE8-86AF-4C00-9A89-03B17C1C5F82}.Release|Any CPU.Build.0 = Release|Any CPU
	EndGlobalSection
	GlobalSection(SolutionProperties) = preSolution
		HideSolutionNode = FALSE
	EndGlobalSection
	GlobalSection(ExtensibilityGlobals) = postSolution
		SolutionGuid = {175550C7-DB39-49A1-BDBD-FA53224869FB}
	EndGlobalSection
EndGlobal
